// !$*UTF8*$!
{
	archiveVersion = 1;
	classes = {
	};
	objectVersion = 46;
	objects = {

/* Begin PBXBuildFile section */
		C428EF2F1AD0E4B40090BC2C /* AppDelegate.swift in Sources */ = {isa = PBXBuildFile; fileRef = C428EF2E1AD0E4B40090BC2C /* AppDelegate.swift */; };
		C428EF321AD0E4B40090BC2C /* Boon.xcdatamodeld in Sources */ = {isa = PBXBuildFile; fileRef = C428EF301AD0E4B40090BC2C /* Boon.xcdatamodeld */; };
		C428EF341AD0E4B40090BC2C /* ViewController.swift in Sources */ = {isa = PBXBuildFile; fileRef = C428EF331AD0E4B40090BC2C /* ViewController.swift */; };
		C428EF371AD0E4B40090BC2C /* Main.storyboard in Resources */ = {isa = PBXBuildFile; fileRef = C428EF351AD0E4B40090BC2C /* Main.storyboard */; };
		C428EF391AD0E4B40090BC2C /* Images.xcassets in Resources */ = {isa = PBXBuildFile; fileRef = C428EF381AD0E4B40090BC2C /* Images.xcassets */; };
		C428EF3C1AD0E4B40090BC2C /* LaunchScreen.xib in Resources */ = {isa = PBXBuildFile; fileRef = C428EF3A1AD0E4B40090BC2C /* LaunchScreen.xib */; };
		C428EF481AD0E4B40090BC2C /* BoonTests.swift in Sources */ = {isa = PBXBuildFile; fileRef = C428EF471AD0E4B40090BC2C /* BoonTests.swift */; };
/* End PBXBuildFile section */

/* Begin PBXContainerItemProxy section */
		C428EF421AD0E4B40090BC2C /* PBXContainerItemProxy */ = {
			isa = PBXContainerItemProxy;
			containerPortal = C428EF211AD0E4B30090BC2C /* Project object */;
			proxyType = 1;
			remoteGlobalIDString = C428EF281AD0E4B30090BC2C;
			remoteInfo = Boon;
		};
/* End PBXContainerItemProxy section */

/* Begin PBXFileReference section */
		C428EF291AD0E4B40090BC2C /* Boon.app */ = {isa = PBXFileReference; explicitFileType = wrapper.application; includeInIndex = 0; path = Boon.app; sourceTree = BUILT_PRODUCTS_DIR; };
		C428EF2D1AD0E4B40090BC2C /* Info.plist */ = {isa = PBXFileReference; lastKnownFileType = text.plist.xml; path = Info.plist; sourceTree = "<group>"; };
		C428EF2E1AD0E4B40090BC2C /* AppDelegate.swift */ = {isa = PBXFileReference; lastKnownFileType = sourcecode.swift; path = AppDelegate.swift; sourceTree = "<group>"; };
		C428EF311AD0E4B40090BC2C /* Boon.xcdatamodel */ = {isa = PBXFileReference; lastKnownFileType = wrapper.xcdatamodel; path = Boon.xcdatamodel; sourceTree = "<group>"; };
		C428EF331AD0E4B40090BC2C /* ViewController.swift */ = {isa = PBXFileReference; lastKnownFileType = sourcecode.swift; path = ViewController.swift; sourceTree = "<group>"; };
		C428EF361AD0E4B40090BC2C /* Base */ = {isa = PBXFileReference; lastKnownFileType = file.storyboard; name = Base; path = Base.lproj/Main.storyboard; sourceTree = "<group>"; };
		C428EF381AD0E4B40090BC2C /* Images.xcassets */ = {isa = PBXFileReference; lastKnownFileType = folder.assetcatalog; path = Images.xcassets; sourceTree = "<group>"; };
		C428EF3B1AD0E4B40090BC2C /* Base */ = {isa = PBXFileReference; lastKnownFileType = file.xib; name = Base; path = Base.lproj/LaunchScreen.xib; sourceTree = "<group>"; };
		C428EF411AD0E4B40090BC2C /* BoonTests.xctest */ = {isa = PBXFileReference; explicitFileType = wrapper.cfbundle; includeInIndex = 0; path = BoonTests.xctest; sourceTree = BUILT_PRODUCTS_DIR; };
		C428EF461AD0E4B40090BC2C /* Info.plist */ = {isa = PBXFileReference; lastKnownFileType = text.plist.xml; path = Info.plist; sourceTree = "<group>"; };
		C428EF471AD0E4B40090BC2C /* BoonTests.swift */ = {isa = PBXFileReference; lastKnownFileType = sourcecode.swift; path = BoonTests.swift; sourceTree = "<group>"; };
/* End PBXFileReference section */

/* Begin PBXFrameworksBuildPhase section */
		C428EF261AD0E4B30090BC2C /* Frameworks */ = {
			isa = PBXFrameworksBuildPhase;
			buildActionMask = 2147483647;
			files = (
			);
			runOnlyForDeploymentPostprocessing = 0;
		};
		C428EF3E1AD0E4B40090BC2C /* Frameworks */ = {
			isa = PBXFrameworksBuildPhase;
			buildActionMask = 2147483647;
			files = (
			);
			runOnlyForDeploymentPostprocessing = 0;
		};
/* End PBXFrameworksBuildPhase section */

/* Begin PBXGroup section */
		C428EF201AD0E4B30090BC2C = {
			isa = PBXGroup;
			children = (
				C428EF2B1AD0E4B40090BC2C /* Boon */,
				C428EF441AD0E4B40090BC2C /* BoonTests */,
				C428EF2A1AD0E4B40090BC2C /* Products */,
			);
			sourceTree = "<group>";
		};
		C428EF2A1AD0E4B40090BC2C /* Products */ = {
			isa = PBXGroup;
			children = (
				C428EF291AD0E4B40090BC2C /* Boon.app */,
				C428EF411AD0E4B40090BC2C /* BoonTests.xctest */,
			);
			name = Products;
			sourceTree = "<group>";
		};
		C428EF2B1AD0E4B40090BC2C /* Boon */ = {
			isa = PBXGroup;
			children = (
				C428EF2E1AD0E4B40090BC2C /* AppDelegate.swift */,
				C428EF331AD0E4B40090BC2C /* ViewController.swift */,
				C428EF351AD0E4B40090BC2C /* Main.storyboard */,
				C428EF381AD0E4B40090BC2C /* Images.xcassets */,
				C428EF3A1AD0E4B40090BC2C /* LaunchScreen.xib */,
				C428EF301AD0E4B40090BC2C /* Boon.xcdatamodeld */,
				C428EF2C1AD0E4B40090BC2C /* Supporting Files */,
			);
			path = Boon;
			sourceTree = "<group>";
		};
		C428EF2C1AD0E4B40090BC2C /* Supporting Files */ = {
			isa = PBXGroup;
			children = (
				C428EF2D1AD0E4B40090BC2C /* Info.plist */,
			);
			name = "Supporting Files";
			sourceTree = "<group>";
		};
		C428EF441AD0E4B40090BC2C /* BoonTests */ = {
			isa = PBXGroup;
			children = (
				C428EF471AD0E4B40090BC2C /* BoonTests.swift */,
				C428EF451AD0E4B40090BC2C /* Supporting Files */,
			);
			path = BoonTests;
			sourceTree = "<group>";
		};
		C428EF451AD0E4B40090BC2C /* Supporting Files */ = {
			isa = PBXGroup;
			children = (
				C428EF461AD0E4B40090BC2C /* Info.plist */,
			);
			name = "Supporting Files";
			sourceTree = "<group>";
		};
/* End PBXGroup section */

/* Begin PBXNativeTarget section */
		C428EF281AD0E4B30090BC2C /* Boon */ = {
			isa = PBXNativeTarget;
			buildConfigurationList = C428EF4B1AD0E4B40090BC2C /* Build configuration list for PBXNativeTarget "Boon" */;
			buildPhases = (
				C428EF251AD0E4B30090BC2C /* Sources */,
				C428EF261AD0E4B30090BC2C /* Frameworks */,
				C428EF271AD0E4B30090BC2C /* Resources */,
			);
			buildRules = (
			);
			dependencies = (
			);
			name = Boon;
			productName = Boon;
			productReference = C428EF291AD0E4B40090BC2C /* Boon.app */;
			productType = "com.apple.product-type.application";
		};
		C428EF401AD0E4B40090BC2C /* BoonTests */ = {
			isa = PBXNativeTarget;
			buildConfigurationList = C428EF4E1AD0E4B40090BC2C /* Build configuration list for PBXNativeTarget "BoonTests" */;
			buildPhases = (
				C428EF3D1AD0E4B40090BC2C /* Sources */,
				C428EF3E1AD0E4B40090BC2C /* Frameworks */,
				C428EF3F1AD0E4B40090BC2C /* Resources */,
			);
			buildRules = (
			);
			dependencies = (
				C428EF431AD0E4B40090BC2C /* PBXTargetDependency */,
			);
			name = BoonTests;
			productName = BoonTests;
			productReference = C428EF411AD0E4B40090BC2C /* BoonTests.xctest */;
			productType = "com.apple.product-type.bundle.unit-test";
		};
/* End PBXNativeTarget section */

/* Begin PBXProject section */
		C428EF211AD0E4B30090BC2C /* Project object */ = {
			isa = PBXProject;
			attributes = {
				CLASSPREFIX = TS;
				LastUpgradeCheck = 0630;
				ORGANIZATIONNAME = aiginacoder;
				TargetAttributes = {
					C428EF281AD0E4B30090BC2C = {
						CreatedOnToolsVersion = 6.3;
					};
					C428EF401AD0E4B40090BC2C = {
						CreatedOnToolsVersion = 6.3;
						TestTargetID = C428EF281AD0E4B30090BC2C;
					};
				};
			};
			buildConfigurationList = C428EF241AD0E4B30090BC2C /* Build configuration list for PBXProject "Boon" */;
			compatibilityVersion = "Xcode 3.2";
			developmentRegion = English;
			hasScannedForEncodings = 0;
			knownRegions = (
				en,
				Base,
			);
			mainGroup = C428EF201AD0E4B30090BC2C;
			productRefGroup = C428EF2A1AD0E4B40090BC2C /* Products */;
			projectDirPath = "";
			projectRoot = "";
			targets = (
				C428EF281AD0E4B30090BC2C /* Boon */,
				C428EF401AD0E4B40090BC2C /* BoonTests */,
			);
		};
/* End PBXProject section */

/* Begin PBXResourcesBuildPhase section */
		C428EF271AD0E4B30090BC2C /* Resources */ = {
			isa = PBXResourcesBuildPhase;
			buildActionMask = 2147483647;
			files = (
				C428EF371AD0E4B40090BC2C /* Main.storyboard in Resources */,
				C428EF3C1AD0E4B40090BC2C /* LaunchScreen.xib in Resources */,
				C428EF391AD0E4B40090BC2C /* Images.xcassets in Resources */,
			);
			runOnlyForDeploymentPostprocessing = 0;
		};
		C428EF3F1AD0E4B40090BC2C /* Resources */ = {
			isa = PBXResourcesBuildPhase;
			buildActionMask = 2147483647;
			files = (
			);
			runOnlyForDeploymentPostprocessing = 0;
		};
/* End PBXResourcesBuildPhase section */

/* Begin PBXSourcesBuildPhase section */
		C428EF251AD0E4B30090BC2C /* Sources */ = {
			isa = PBXSourcesBuildPhase;
			buildActionMask = 2147483647;
			files = (
				C428EF341AD0E4B40090BC2C /* ViewController.swift in Sources */,
				C428EF2F1AD0E4B40090BC2C /* AppDelegate.swift in Sources */,
				C428EF321AD0E4B40090BC2C /* Boon.xcdatamodeld in Sources */,
			);
			runOnlyForDeploymentPostprocessing = 0;
		};
		C428EF3D1AD0E4B40090BC2C /* Sources */ = {
			isa = PBXSourcesBuildPhase;
			buildActionMask = 2147483647;
			files = (
				C428EF481AD0E4B40090BC2C /* BoonTests.swift in Sources */,
			);
			runOnlyForDeploymentPostprocessing = 0;
		};
/* End PBXSourcesBuildPhase section */

/* Begin PBXTargetDependency section */
		C428EF431AD0E4B40090BC2C /* PBXTargetDependency */ = {
			isa = PBXTargetDependency;
			target = C428EF281AD0E4B30090BC2C /* Boon */;
			targetProxy = C428EF421AD0E4B40090BC2C /* PBXContainerItemProxy */;
		};
/* End PBXTargetDependency section */

/* Begin PBXVariantGroup section */
		C428EF351AD0E4B40090BC2C /* Main.storyboard */ = {
			isa = PBXVariantGroup;
			children = (
				C428EF361AD0E4B40090BC2C /* Base */,
			);
			name = Main.storyboard;
			sourceTree = "<group>";
		};
		C428EF3A1AD0E4B40090BC2C /* LaunchScreen.xib */ = {
			isa = PBXVariantGroup;
			children = (
				C428EF3B1AD0E4B40090BC2C /* Base */,
			);
			name = LaunchScreen.xib;
			sourceTree = "<group>";
		};
/* End PBXVariantGroup section */

/* Begin XCBuildConfiguration section */
		C428EF491AD0E4B40090BC2C /* Debug */ = {
			isa = XCBuildConfiguration;
			buildSettings = {
				ALWAYS_SEARCH_USER_PATHS = NO;
				CLANG_CXX_LANGUAGE_STANDARD = "gnu++0x";
				CLANG_CXX_LIBRARY = "libc++";
				CLANG_ENABLE_MODULES = YES;
				CLANG_ENABLE_OBJC_ARC = YES;
				CLANG_WARN_BOOL_CONVERSION = YES;
				CLANG_WARN_CONSTANT_CONVERSION = YES;
				CLANG_WARN_DIRECT_OBJC_ISA_USAGE = YES_ERROR;
				CLANG_WARN_EMPTY_BODY = YES;
				CLANG_WARN_ENUM_CONVERSION = YES;
				CLANG_WARN_INT_CONVERSION = YES;
				CLANG_WARN_OBJC_ROOT_CLASS = YES_ERROR;
				CLANG_WARN_UNREACHABLE_CODE = YES;
				CLANG_WARN__DUPLICATE_METHOD_MATCH = YES;
				"CODE_SIGN_IDENTITY[sdk=iphoneos*]" = "iPhone Developer";
				COPY_PHASE_STRIP = NO;
				DEBUG_INFORMATION_FORMAT = "dwarf-with-dsym";
				ENABLE_STRICT_OBJC_MSGSEND = YES;
				GCC_C_LANGUAGE_STANDARD = gnu99;
				GCC_DYNAMIC_NO_PIC = NO;
				GCC_NO_COMMON_BLOCKS = YES;
				GCC_OPTIMIZATION_LEVEL = 0;
				GCC_PREPROCESSOR_DEFINITIONS = (
					"DEBUG=1",
					"$(inherited)",
				);
				GCC_SYMBOLS_PRIVATE_EXTERN = NO;
				GCC_WARN_64_TO_32_BIT_CONVERSION = YES;
				GCC_WARN_ABOUT_RETURN_TYPE = YES_ERROR;
				GCC_WARN_UNDECLARED_SELECTOR = YES;
				GCC_WARN_UNINITIALIZED_AUTOS = YES_AGGRESSIVE;
				GCC_WARN_UNUSED_FUNCTION = YES;
				GCC_WARN_UNUSED_VARIABLE = YES;
				IPHONEOS_DEPLOYMENT_TARGET = 8.3;
				MTL_ENABLE_DEBUG_INFO = YES;
				ONLY_ACTIVE_ARCH = YES;
				SDKROOT = iphoneos;
				SWIFT_OPTIMIZATION_LEVEL = "-Onone";
				TARGETED_DEVICE_FAMILY = "1,2";
			};
			name = Debug;
		};
		C428EF4A1AD0E4B40090BC2C /* Release */ = {
			isa = XCBuildConfiguration;
			buildSettings = {
				ALWAYS_SEARCH_USER_PATHS = NO;
				CLANG_CXX_LANGUAGE_STANDARD = "gnu++0x";
				CLANG_CXX_LIBRARY = "libc++";
				CLANG_ENABLE_MODULES = YES;
				CLANG_ENABLE_OBJC_ARC = YES;
				CLANG_WARN_BOOL_CONVERSION = YES;
				CLANG_WARN_CONSTANT_CONVERSION = YES;
				CLANG_WARN_DIRECT_OBJC_ISA_USAGE = YES_ERROR;
				CLANG_WARN_EMPTY_BODY = YES;
				CLANG_WARN_ENUM_CONVERSION = YES;
				CLANG_WARN_INT_CONVERSION = YES;
				CLANG_WARN_OBJC_ROOT_CLASS = YES_ERROR;
				CLANG_WARN_UNREACHABLE_CODE = YES;
				CLANG_WARN__DUPLICATE_METHOD_MATCH = YES;
				"CODE_SIGN_IDENTITY[sdk=iphoneos*]" = "iPhone Developer";
				COPY_PHASE_STRIP = NO;
				DEBUG_INFORMATION_FORMAT = "dwarf-with-dsym";
				ENABLE_NS_ASSERTIONS = NO;
				ENABLE_STRICT_OBJC_MSGSEND = YES;
				GCC_C_LANGUAGE_STANDARD = gnu99;
				GCC_NO_COMMON_BLOCKS = YES;
				GCC_WARN_64_TO_32_BIT_CONVERSION = YES;
				GCC_WARN_ABOUT_RETURN_TYPE = YES_ERROR;
				GCC_WARN_UNDECLARED_SELECTOR = YES;
				GCC_WARN_UNINITIALIZED_AUTOS = YES_AGGRESSIVE;
				GCC_WARN_UNUSED_FUNCTION = YES;
				GCC_WARN_UNUSED_VARIABLE = YES;
				IPHONEOS_DEPLOYMENT_TARGET = 8.3;
				MTL_ENABLE_DEBUG_INFO = NO;
				SDKROOT = iphoneos;
				TARGETED_DEVICE_FAMILY = "1,2";
				VALIDATE_PRODUCT = YES;
			};
			name = Release;
		};
		C428EF4C1AD0E4B40090BC2C /* Debug */ = {
			isa = XCBuildConfiguration;
			buildSettings = {
				ASSETCATALOG_COMPILER_APPICON_NAME = AppIcon;
				INFOPLIST_FILE = Boon/Info.plist;
				LD_RUNPATH_SEARCH_PATHS = "$(inherited) @executable_path/Frameworks";
				PRODUCT_NAME = "$(TARGET_NAME)";
			};
			name = Debug;
		};
		C428EF4D1AD0E4B40090BC2C /* Release */ = {
			isa = XCBuildConfiguration;
			buildSettings = {
				ASSETCATALOG_COMPILER_APPICON_NAME = AppIcon;
				INFOPLIST_FILE = Boon/Info.plist;
				LD_RUNPATH_SEARCH_PATHS = "$(inherited) @executable_path/Frameworks";
				PRODUCT_NAME = "$(TARGET_NAME)";
			};
			name = Release;
		};
		C428EF4F1AD0E4B40090BC2C /* Debug */ = {
			isa = XCBuildConfiguration;
			buildSettings = {
				BUNDLE_LOADER = "$(TEST_HOST)";
				FRAMEWORK_SEARCH_PATHS = (
					"$(SDKROOT)/Developer/Library/Frameworks",
					"$(inherited)",
				);
				GCC_PREPROCESSOR_DEFINITIONS = (
					"DEBUG=1",
					"$(inherited)",
				);
				INFOPLIST_FILE = BoonTests/Info.plist;
				LD_RUNPATH_SEARCH_PATHS = "$(inherited) @executable_path/Frameworks @loader_path/Frameworks";
				PRODUCT_NAME = "$(TARGET_NAME)";
				TEST_HOST = "$(BUILT_PRODUCTS_DIR)/Boon.app/Boon";
			};
			name = Debug;
		};
		C428EF501AD0E4B40090BC2C /* Release */ = {
			isa = XCBuildConfiguration;
			buildSettings = {
				BUNDLE_LOADER = "$(TEST_HOST)";
				FRAMEWORK_SEARCH_PATHS = (
					"$(SDKROOT)/Developer/Library/Frameworks",
					"$(inherited)",
				);
				INFOPLIST_FILE = BoonTests/Info.plist;
				LD_RUNPATH_SEARCH_PATHS = "$(inherited) @executable_path/Frameworks @loader_path/Frameworks";
				PRODUCT_NAME = "$(TARGET_NAME)";
				TEST_HOST = "$(BUILT_PRODUCTS_DIR)/Boon.app/Boon";
			};
			name = Release;
		};
/* End XCBuildConfiguration section */

/* Begin XCConfigurationList section */
		C428EF241AD0E4B30090BC2C /* Build configuration list for PBXProject "Boon" */ = {
			isa = XCConfigurationList;
			buildConfigurations = (
				C428EF491AD0E4B40090BC2C /* Debug */,
				C428EF4A1AD0E4B40090BC2C /* Release */,
			);
			defaultConfigurationIsVisible = 0;
			defaultConfigurationName = Release;
		};
		C428EF4B1AD0E4B40090BC2C /* Build configuration list for PBXNativeTarget "Boon" */ = {
			isa = XCConfigurationList;
			buildConfigurations = (
				C428EF4C1AD0E4B40090BC2C /* Debug */,
				C428EF4D1AD0E4B40090BC2C /* Release */,
			);
			defaultConfigurationIsVisible = 0;
		};
		C428EF4E1AD0E4B40090BC2C /* Build configuration list for PBXNativeTarget "BoonTests" */ = {
			isa = XCConfigurationList;
			buildConfigurations = (
				C428EF4F1AD0E4B40090BC2C /* Debug */,
				C428EF501AD0E4B40090BC2C /* Release */,
			);
			defaultConfigurationIsVisible = 0;
		};
/* End XCConfigurationList section */

/* Begin XCVersionGroup section */
		C428EF301AD0E4B40090BC2C /* Boon.xcdatamodeld */ = {
			isa = XCVersionGroup;
			children = (
				C428EF311AD0E4B40090BC2C /* Boon.xcdatamodel */,
			);
			currentVersion = C428EF311AD0E4B40090BC2C /* Boon.xcdatamodel */;
			path = Boon.xcdatamodeld;
			sourceTree = "<group>";
			versionGroupType = wrapper.xcdatamodel;
		};
/* End XCVersionGroup section */
	};
	rootObject = C428EF211AD0E4B30090BC2C /* Project object */;
}
